
Microsoft Visual Studio Solution File, Format Version 12.00
# Visual Studio Version 16
VisualStudioVersion = 16.0.31229.75
MinimumVisualStudioVersion = 10.0.40219.1
Project("{9A19103F-16F7-4668-BE54-9A1E7A4F7556}") = "PokeDex", "PokeDex.csproj", "{DB67E87E-338F-4EEA-9BB1-3E48CF275818}"
EndProject
Project("{FAE04EC0-301F-11D3-BF4B-00C04F79EFBC}") = "TestProject1", "..\TestProject1\TestProject1.csproj", "{C527A775-D82E-40DA-AFBA-B7904CA2E9A3}"
EndProject
Global
	GlobalSection(SolutionConfigurationPlatforms) = preSolution
		Debug|Any CPU = Debug|Any CPU
		Release|Any CPU = Release|Any CPU
	EndGlobalSection
	GlobalSection(ProjectConfigurationPlatforms) = postSolution
		{DB67E87E-338F-4EEA-9BB1-3E48CF275818}.Debug|Any CPU.ActiveCfg = Debug|Any CPU
		{DB67E87E-338F-4EEA-9BB1-3E48CF275818}.Debug|Any CPU.Build.0 = Debug|Any CPU
		{DB67E87E-338F-4EEA-9BB1-3E48CF275818}.Release|Any CPU.ActiveCfg = Release|Any CPU
		{DB67E87E-338F-4EEA-9BB1-3E48CF275818}.Release|Any CPU.Build.0 = Release|Any CPU
		{C527A775-D82E-40DA-AFBA-B7904CA2E9A3}.Debug|Any CPU.ActiveCfg = Debug|Any CPU
		{C527A775-D82E-40DA-AFBA-B7904CA2E9A3}.Debug|Any CPU.Build.0 = Debug|Any CPU
		{C527A775-D82E-40DA-AFBA-B7904CA2E9A3}.Release|Any CPU.ActiveCfg = Release|Any CPU
		{C527A775-D82E-40DA-AFBA-B7904CA2E9A3}.Release|Any CPU.Build.0 = Release|Any CPU
	EndGlobalSection
	GlobalSection(SolutionProperties) = preSolution
		HideSolutionNode = FALSE
	EndGlobalSection
	GlobalSection(ExtensibilityGlobals) = postSolution
		SolutionGuid = {DDE91F2E-FC1C-4CD9-9D92-7E576E1F8107}
	EndGlobalSection
EndGlobal
